
Microsoft Visual Studio Solution File, Format Version 12.00
# Visual Studio Version 16
VisualStudioVersion = 16.0.30114.105
MinimumVisualStudioVersion = 10.0.40219.1
Project("{FAE04EC0-301F-11D3-BF4B-00C04F79EFBC}") = "ConsoleApp", "ConsoleApp\ConsoleApp.csproj", "{8701591B-751B-485F-98D3-B154C82195AE}"
EndProject
Project("{FAE04EC0-301F-11D3-BF4B-00C04F79EFBC}") = "Domain", "Domain\Domain.csproj", "{C6941479-2A4D-4E7F-8976-9E19754028CE}"
EndProject
Project("{FAE04EC0-301F-11D3-BF4B-00C04F79EFBC}") = "Persistence", "Persistence\Persistence.csproj", "{B052D7BC-E207-4965-AA6E-E28686B58234}"
EndProject
Project("{FAE04EC0-301F-11D3-BF4B-00C04F79EFBC}") = "Tests", "Tests\Tests.csproj", "{815688FB-B7C2-4F66-9931-E5D215F52CFA}"
EndProject
Global
	GlobalSection(SolutionConfigurationPlatforms) = preSolution
		Debug|Any CPU = Debug|Any CPU
		Release|Any CPU = Release|Any CPU
	EndGlobalSection
	GlobalSection(SolutionProperties) = preSolution
		HideSolutionNode = FALSE
	EndGlobalSection
	GlobalSection(ProjectConfigurationPlatforms) = postSolution
		{8701591B-751B-485F-98D3-B154C82195AE}.Debug|Any CPU.ActiveCfg = Debug|Any CPU
		{8701591B-751B-485F-98D3-B154C82195AE}.Debug|Any CPU.Build.0 = Debug|Any CPU
		{8701591B-751B-485F-98D3-B154C82195AE}.Release|Any CPU.ActiveCfg = Release|Any CPU
		{8701591B-751B-485F-98D3-B154C82195AE}.Release|Any CPU.Build.0 = Release|Any CPU
		{C6941479-2A4D-4E7F-8976-9E19754028CE}.Debug|Any CPU.ActiveCfg = Debug|Any CPU
		{C6941479-2A4D-4E7F-8976-9E19754028CE}.Debug|Any CPU.Build.0 = Debug|Any CPU
		{C6941479-2A4D-4E7F-8976-9E19754028CE}.Release|Any CPU.ActiveCfg = Release|Any CPU
		{C6941479-2A4D-4E7F-8976-9E19754028CE}.Release|Any CPU.Build.0 = Release|Any CPU
		{B052D7BC-E207-4965-AA6E-E28686B58234}.Debug|Any CPU.ActiveCfg = Debug|Any CPU
		{B052D7BC-E207-4965-AA6E-E28686B58234}.Debug|Any CPU.Build.0 = Debug|Any CPU
		{B052D7BC-E207-4965-AA6E-E28686B58234}.Release|Any CPU.ActiveCfg = Release|Any CPU
		{B052D7BC-E207-4965-AA6E-E28686B58234}.Release|Any CPU.Build.0 = Release|Any CPU
		{815688FB-B7C2-4F66-9931-E5D215F52CFA}.Debug|Any CPU.ActiveCfg = Debug|Any CPU
		{815688FB-B7C2-4F66-9931-E5D215F52CFA}.Debug|Any CPU.Build.0 = Debug|Any CPU
		{815688FB-B7C2-4F66-9931-E5D215F52CFA}.Release|Any CPU.ActiveCfg = Release|Any CPU
		{815688FB-B7C2-4F66-9931-E5D215F52CFA}.Release|Any CPU.Build.0 = Release|Any CPU
	EndGlobalSection
EndGlobal
